
Microsoft Visual Studio Solution File, Format Version 12.00
# Visual Studio Version 16
VisualStudioVersion = 16.0.31105.61
MinimumVisualStudioVersion = 10.0.40219.1
Project("{FAE04EC0-301F-11D3-BF4B-00C04F79EFBC}") = "MvcDataViews", "MvcDataViews\MvcDataViews.csproj", "{6567A7D7-C0B4-4B5D-A733-9247B25B2CE3}"
EndProject
Global
	GlobalSection(SolutionConfigurationPlatforms) = preSolution
		Debug|Any CPU = Debug|Any CPU
		Release|Any CPU = Release|Any CPU
	EndGlobalSection
	GlobalSection(ProjectConfigurationPlatforms) = postSolution
		{6567A7D7-C0B4-4B5D-A733-9247B25B2CE3}.Debug|Any CPU.ActiveCfg = Debug|Any CPU
		{6567A7D7-C0B4-4B5D-A733-9247B25B2CE3}.Debug|Any CPU.Build.0 = Debug|Any CPU
		{6567A7D7-C0B4-4B5D-A733-9247B25B2CE3}.Release|Any CPU.ActiveCfg = Release|Any CPU
		{6567A7D7-C0B4-4B5D-A733-9247B25B2CE3}.Release|Any CPU.Build.0 = Release|Any CPU
	EndGlobalSection
	GlobalSection(SolutionProperties) = preSolution
		HideSolutionNode = FALSE
	EndGlobalSection
	GlobalSection(ExtensibilityGlobals) = postSolution
		SolutionGuid = {C1F44A16-9C24-4D24-AF1B-CDF9CD6055EA}
	EndGlobalSection
EndGlobal
